
Microsoft Visual Studio Solution File, Format Version 12.00
# Visual Studio Version 16
VisualStudioVersion = 16.0.30907.101
MinimumVisualStudioVersion = 15.0.26124.0
Project("{9A19103F-16F7-4668-BE54-9A1E7A4F7556}") = "Entities", "Entities\Entities.csproj", "{05FFC7A6-D255-4E09-BED6-9368DB2B0EDB}"
EndProject
Project("{9A19103F-16F7-4668-BE54-9A1E7A4F7556}") = "DataAccess", "DataAccess\DataAccess.csproj", "{A5261E47-3640-4F2F-B7C0-2752F33EB032}"
EndProject
Project("{9A19103F-16F7-4668-BE54-9A1E7A4F7556}") = "Services", "Services\Services.csproj", "{FE029F26-1606-4371-917D-5107B7FD45FA}"
EndProject
Project("{9A19103F-16F7-4668-BE54-9A1E7A4F7556}") = "Web", "Web\Web.csproj", "{FBA9030B-8A1A-454E-94AE-54D1A359CD8F}"
EndProject
Global
	GlobalSection(SolutionConfigurationPlatforms) = preSolution
		Debug|Any CPU = Debug|Any CPU
		Debug|x64 = Debug|x64
		Debug|x86 = Debug|x86
		Release|Any CPU = Release|Any CPU
		Release|x64 = Release|x64
		Release|x86 = Release|x86
	EndGlobalSection
	GlobalSection(ProjectConfigurationPlatforms) = postSolution
		{05FFC7A6-D255-4E09-BED6-9368DB2B0EDB}.Debug|Any CPU.ActiveCfg = Debug|Any CPU
		{05FFC7A6-D255-4E09-BED6-9368DB2B0EDB}.Debug|Any CPU.Build.0 = Debug|Any CPU
		{05FFC7A6-D255-4E09-BED6-9368DB2B0EDB}.Debug|x64.ActiveCfg = Debug|Any CPU
		{05FFC7A6-D255-4E09-BED6-9368DB2B0EDB}.Debug|x64.Build.0 = Debug|Any CPU
		{05FFC7A6-D255-4E09-BED6-9368DB2B0EDB}.Debug|x86.ActiveCfg = Debug|Any CPU
		{05FFC7A6-D255-4E09-BED6-9368DB2B0EDB}.Debug|x86.Build.0 = Debug|Any CPU
		{05FFC7A6-D255-4E09-BED6-9368DB2B0EDB}.Release|Any CPU.ActiveCfg = Release|Any CPU
		{05FFC7A6-D255-4E09-BED6-9368DB2B0EDB}.Release|Any CPU.Build.0 = Release|Any CPU
		{05FFC7A6-D255-4E09-BED6-9368DB2B0EDB}.Release|x64.ActiveCfg = Release|Any CPU
		{05FFC7A6-D255-4E09-BED6-9368DB2B0EDB}.Release|x64.Build.0 = Release|Any CPU
		{05FFC7A6-D255-4E09-BED6-9368DB2B0EDB}.Release|x86.ActiveCfg = Release|Any CPU
		{05FFC7A6-D255-4E09-BED6-9368DB2B0EDB}.Release|x86.Build.0 = Release|Any CPU
		{A5261E47-3640-4F2F-B7C0-2752F33EB032}.Debug|Any CPU.ActiveCfg = Debug|Any CPU
		{A5261E47-3640-4F2F-B7C0-2752F33EB032}.Debug|Any CPU.Build.0 = Debug|Any CPU
		{A5261E47-3640-4F2F-B7C0-2752F33EB032}.Debug|x64.ActiveCfg = Debug|Any CPU
		{A5261E47-3640-4F2F-B7C0-2752F33EB032}.Debug|x64.Build.0 = Debug|Any CPU
		{A5261E47-3640-4F2F-B7C0-2752F33EB032}.Debug|x86.ActiveCfg = Debug|Any CPU
		{A5261E47-3640-4F2F-B7C0-2752F33EB032}.Debug|x86.Build.0 = Debug|Any CPU
		{A5261E47-3640-4F2F-B7C0-2752F33EB032}.Release|Any CPU.ActiveCfg = Release|Any CPU
		{A5261E47-3640-4F2F-B7C0-2752F33EB032}.Release|Any CPU.Build.0 = Release|Any CPU
		{A5261E47-3640-4F2F-B7C0-2752F33EB032}.Release|x64.ActiveCfg = Release|Any CPU
		{A5261E47-3640-4F2F-B7C0-2752F33EB032}.Release|x64.Build.0 = Release|Any CPU
		{A5261E47-3640-4F2F-B7C0-2752F33EB032}.Release|x86.ActiveCfg = Release|Any CPU
		{A5261E47-3640-4F2F-B7C0-2752F33EB032}.Release|x86.Build.0 = Release|Any CPU
		{FE029F26-1606-4371-917D-5107B7FD45FA}.Debug|Any CPU.ActiveCfg = Debug|Any CPU
		{FE029F26-1606-4371-917D-5107B7FD45FA}.Debug|Any CPU.Build.0 = Debug|Any CPU
		{FE029F26-1606-4371-917D-5107B7FD45FA}.Debug|x64.ActiveCfg = Debug|Any CPU
		{FE029F26-1606-4371-917D-5107B7FD45FA}.Debug|x64.Build.0 = Debug|Any CPU
		{FE029F26-1606-4371-917D-5107B7FD45FA}.Debug|x86.ActiveCfg = Debug|Any CPU
		{FE029F26-1606-4371-917D-5107B7FD45FA}.Debug|x86.Build.0 = Debug|Any CPU
		{FE029F26-1606-4371-917D-5107B7FD45FA}.Release|Any CPU.ActiveCfg = Release|Any CPU
		{FE029F26-1606-4371-917D-5107B7FD45FA}.Release|Any CPU.Build.0 = Release|Any CPU
		{FE029F26-1606-4371-917D-5107B7FD45FA}.Release|x64.ActiveCfg = Release|Any CPU
		{FE029F26-1606-4371-917D-5107B7FD45FA}.Release|x64.Build.0 = Release|Any CPU
		{FE029F26-1606-4371-917D-5107B7FD45FA}.Release|x86.ActiveCfg = Release|Any CPU
		{FE029F26-1606-4371-917D-5107B7FD45FA}.Release|x86.Build.0 = Release|Any CPU
		{FBA9030B-8A1A-454E-94AE-54D1A359CD8F}.Debug|Any CPU.ActiveCfg = Debug|Any CPU
		{FBA9030B-8A1A-454E-94AE-54D1A359CD8F}.Debug|Any CPU.Build.0 = Debug|Any CPU
		{FBA9030B-8A1A-454E-94AE-54D1A359CD8F}.Debug|x64.ActiveCfg = Debug|Any CPU
		{FBA9030B-8A1A-454E-94AE-54D1A359CD8F}.Debug|x64.Build.0 = Debug|Any CPU
		{FBA9030B-8A1A-454E-94AE-54D1A359CD8F}.Debug|x86.ActiveCfg = Debug|Any CPU
		{FBA9030B-8A1A-454E-94AE-54D1A359CD8F}.Debug|x86.Build.0 = Debug|Any CPU
		{FBA9030B-8A1A-454E-94AE-54D1A359CD8F}.Release|Any CPU.ActiveCfg = Release|Any CPU
		{FBA9030B-8A1A-454E-94AE-54D1A359CD8F}.Release|Any CPU.Build.0 = Release|Any CPU
		{FBA9030B-8A1A-454E-94AE-54D1A359CD8F}.Release|x64.ActiveCfg = Release|Any CPU
		{FBA9030B-8A1A-454E-94AE-54D1A359CD8F}.Release|x64.Build.0 = Release|Any CPU
		{FBA9030B-8A1A-454E-94AE-54D1A359CD8F}.Release|x86.ActiveCfg = Release|Any CPU
		{FBA9030B-8A1A-454E-94AE-54D1A359CD8F}.Release|x86.Build.0 = Release|Any CPU
	EndGlobalSection
	GlobalSection(SolutionProperties) = preSolution
		HideSolutionNode = FALSE
	EndGlobalSection
	GlobalSection(ExtensibilityGlobals) = postSolution
		SolutionGuid = {CFAF23BD-E15B-4B5B-905A-200BDFDAD854}
	EndGlobalSection
EndGlobal
